schema_version: '1.0'
bundle:
  core_roots:
    - paper2code
    - setup-paper2code
    - extract-paper
    - grill-paper
    - paper-wayfinder
    - scientific-prototype
    - specify-paper
    - scientific-validation
    - cpu-validate
    - prepare-full-run
    - execute-full-run
    - evaluate-reproduction
    - diagnose-reproduction
    - update-paper2code-skills
    - domain-modeling
    - research
    - to-tickets
    - implement
  profiles:
    underwater-acoustics: [underwater-acoustics]
skills:
  paper2code:
    origin: local
    content_hash: 66e3bf991dcd8337c753bbb4c3059b2632cdfec31cdf87797fbc49fc22d9973a
    modification: new
    dependencies: [paper2code-core]
  setup-paper2code:
    origin: local
    content_hash: be03518bdd4c6321afedb1631f1391e83d3a8e361928bb9d57daffd7a0556ac6
    modification: new
    dependencies: [paper2code-core]
  extract-paper:
    origin: local
    content_hash: 5610200d25ba57f8a4f9a1a38d9fdeffb0b0470c9aa3f3a49b0a69e475c01ada
    modification: new
    dependencies: [paper2code-core]
  grill-paper:
    origin: local
    content_hash: bf594df0cf5a11ad3b03699da1c8be8f6a029c865f7538da2351367bdcbd6103
    modification: new
    dependencies: [paper2code-core, grilling]
  paper-wayfinder:
    origin: local
    content_hash: c39c45434b679839e64da2ab2afee58d30fcee6fd0a90721deb183352fc401f0
    modification: new
    dependencies: [paper2code-core]
  scientific-prototype:
    origin: local
    content_hash: 6c5b36a4c99c8d98d6a8602e7341284b7449a223f119eea4f1552c3b88e306f3
    modification: new
    dependencies: [paper2code-core]
  specify-paper:
    origin: local
    content_hash: 204026d029e612ed9164f44134c991a72919bf6d0b7eb85ec1fa3114237938e8
    modification: new
    dependencies: [paper2code-core]
  scientific-validation:
    origin: local
    content_hash: b002001296f21a6c44efe17763a32689735d19e4d3fddc60307849e273dc62cf
    modification: new
    dependencies: [paper2code-core]
  cpu-validate:
    origin: local
    content_hash: 92e94bb4521dc2e844b297cd7ed8e989414ab684343fde83e507b28eed594c98
    modification: new
    dependencies: [paper2code-core, scientific-validation, code-review]
  prepare-full-run:
    origin: local
    content_hash: f444cb4efd51f2af4ff18186bf69c0b8382ca75f5d2cf45ab044e050dbd1978c
    modification: new
    dependencies: [paper2code-core]
  execute-full-run:
    origin: local
    content_hash: b38f697f90da3fceecaa00143774641b87d1852d839a3737d656bc35955612cc
    modification: new
    dependencies: [paper2code-core]
  evaluate-reproduction:
    origin: local
    content_hash: 5c73304ba67c335b72f8fbda262b9891d0a82b67102f1dd06f4d535aa00d9698
    modification: new
    dependencies: [paper2code-core]
  diagnose-reproduction:
    origin: local
    content_hash: b530d62223f8ca2047e06a46a082fdf64399201b6e570b29820b262c3efb797c
    modification: new
    dependencies: [paper2code-core, diagnosing-bugs, scientific-validation]
  update-paper2code-skills:
    origin: local
    content_hash: e89f8c802c003a5413002012a5c9b843c835dcea03af3371e04cb51689c5c23c
    modification: new
    dependencies: [paper2code-core]
  underwater-acoustics:
    origin: local
    content_hash: 4e67e1921edde89f265ae15a36b93473dff04de1801815fae9ecf8a3a9be2f18
    modification: new
    dependencies: [paper2code-core]
  paper2code-core:
    origin: local
    content_hash: 03d8e1a48b2e6207a7411dba99dc0dcb395297cac0f2b18eec545e8d0d45fadf
    modification: new
    dependencies: []
  grilling:
    origin: mattpocock/skills:skills/productivity/grilling
    content_hash: cdcbb0b0f52cf951861fed4dc9ffbf9ac255734d9cacc5265aa9f16c43c25e1c
    modification: upstream_unchanged
    dependencies: []
  domain-modeling:
    origin: mattpocock/skills:skills/engineering/domain-modeling
    content_hash: 0a469cc0f2a28a478f3d2728037d1aba072c930c7db11e1525d800013969d380
    modification: upstream_unchanged
    dependencies: []
  research:
    origin: mattpocock/skills:skills/engineering/research
    content_hash: c4e60b6ba8938b0205bec95e8dcd961625735546ea7558d56cc053aa258453c8
    modification: upstream_unchanged
    dependencies: []
  to-tickets:
    origin: mattpocock/skills:skills/engineering/to-tickets
    content_hash: ce0c10aebb6202904fa58954a371bb2e13a5fa5e86a992e4636765ca7c0adb6c
    modification: upstream_unchanged
    dependencies: []
  implement:
    origin: mattpocock/skills:skills/engineering/implement
    content_hash: faa73750f61e425533b5c4a2c925ba76c2d675330bf3f4ff3a98b5f37d75333c
    modification: upstream_unchanged
    dependencies: [tdd, code-review]
  tdd:
    origin: mattpocock/skills:skills/engineering/tdd
    content_hash: 0fd1a49d2e3375c7d5cfd4713c15b893bb6f97de7fba61eeb79a342427a86732
    modification: upstream_unchanged
    dependencies: [codebase-design, code-review]
  codebase-design:
    origin: mattpocock/skills:skills/engineering/codebase-design
    content_hash: 0f0ea1cc01ae682bc9f43ba36b9018af78fbd07ee3f0d88ccf07e7cfde0d183d
    modification: upstream_unchanged
    dependencies: []
  code-review:
    origin: mattpocock/skills:skills/engineering/code-review
    content_hash: 790ecf798ba246dfa80ce9b824af91175bc71cb3fa4c1f6493c46db3075334f3
    modification: upstream_unchanged
    dependencies: []
  diagnosing-bugs:
    origin: mattpocock/skills:skills/engineering/diagnosing-bugs
    content_hash: d4296d6a948ea623c0b12995391788adfbaef2a3748d479be2dd565c3dfe6566
    modification: upstream_unchanged
    dependencies: []
