{
  "version": 1,
  "upstream": {
    "repository": "https://github.com/mattpocock/skills",
    "revision": "3cca18b368ae95cdbdebbff572ccafa662551015"
  },
  "roots": [
    "grilling",
    "domain-modeling",
    "research",
    "to-tickets",
    "implement",
    "tdd",
    "codebase-design",
    "code-review",
    "diagnosing-bugs",
    "paper2code-core",
    "setup-paper2code",
    "extract-paper2code",
    "paper-grilling",
    "paper-wayfinding",
    "paper-spec",
    "paper-validation",
    "paper-run",
    "paper-evaluation",
    "paper-diagnosis",
    "paper2code-router",
    "update-paper2code-skills"
  ],
  "skills": {
    "code-review": {
      "classification": "unchanged",
      "origin": {
        "repository": "https://github.com/mattpocock/skills",
        "revision": "3cca18b368ae95cdbdebbff572ccafa662551015",
        "path": "skills/engineering/code-review"
      },
      "license": "MIT",
      "dependencies": [
        "setup-matt-pocock-skills"
      ],
      "files": {
        "agents/openai.yaml": "8229ca854e11dc8e6aef2131ee03f31fb1561cf905fab9ccc325180cf3331352",
        "SKILL.md": "47f4e52c21694def9c7c11cbfbf891ca35eac7a93e395797515be3c8a409ae50"
      },
      "content_hash": "502ec5bb2d2c83b59d02854549e7045ad3e996a4d9f91d538fb87cba4f63f348",
      "source_files": {
        "agents/openai.yaml": "8229ca854e11dc8e6aef2131ee03f31fb1561cf905fab9ccc325180cf3331352",
        "SKILL.md": "47f4e52c21694def9c7c11cbfbf891ca35eac7a93e395797515be3c8a409ae50"
      },
      "source_hash": "502ec5bb2d2c83b59d02854549e7045ad3e996a4d9f91d538fb87cba4f63f348"
    },
    "codebase-design": {
      "classification": "unchanged",
      "origin": {
        "repository": "https://github.com/mattpocock/skills",
        "revision": "3cca18b368ae95cdbdebbff572ccafa662551015",
        "path": "skills/engineering/codebase-design"
      },
      "license": "MIT",
      "dependencies": [],
      "files": {
        "agents/openai.yaml": "edebc9e4fcfe102114012575eaa9600b9b5fd08c311664f389c36e7bc717740f",
        "DEEPENING.md": "f3dd099ce99289bd213914d8ee3e2429b78309c3957ca4583f7659551b1d53c1",
        "DESIGN-IT-TWICE.md": "8e740bf98446dbd4dfdc132ac4346d9a7eedaf93de6a495889171cf7f99f16bd",
        "SKILL.md": "2c20617f87ec8af6a434859f381b2f061a69b530444e74eb39e78bb016a6d1e2"
      },
      "content_hash": "4a648631d529c1c392deac1e68c22a8bfbf555b5d722d6b81856be3c8aceaeea",
      "source_files": {
        "agents/openai.yaml": "edebc9e4fcfe102114012575eaa9600b9b5fd08c311664f389c36e7bc717740f",
        "DEEPENING.md": "f3dd099ce99289bd213914d8ee3e2429b78309c3957ca4583f7659551b1d53c1",
        "DESIGN-IT-TWICE.md": "8e740bf98446dbd4dfdc132ac4346d9a7eedaf93de6a495889171cf7f99f16bd",
        "SKILL.md": "2c20617f87ec8af6a434859f381b2f061a69b530444e74eb39e78bb016a6d1e2"
      },
      "source_hash": "4a648631d529c1c392deac1e68c22a8bfbf555b5d722d6b81856be3c8aceaeea"
    },
    "diagnosing-bugs": {
      "classification": "unchanged",
      "origin": {
        "repository": "https://github.com/mattpocock/skills",
        "revision": "3cca18b368ae95cdbdebbff572ccafa662551015",
        "path": "skills/engineering/diagnosing-bugs"
      },
      "license": "MIT",
      "dependencies": [],
      "files": {
        "agents/openai.yaml": "3e430dbe4334a87597488c060cb3dc3786bb00c9182877d6f5ec41f62490e90b",
        "scripts/hitl-loop.template.sh": "35103539fc36873eea36074769ad454f9379d6fc8b2dc0e26ce987fd3bfe5503",
        "SKILL.md": "77f3cf31bc99b2f49af943222526531fcc9fc41d047626d3640e875e85af3e84"
      },
      "content_hash": "f593cfa429fce08549a1ac950527096de16591ef9225561913f1a50fc0c7799a",
      "source_files": {
        "agents/openai.yaml": "3e430dbe4334a87597488c060cb3dc3786bb00c9182877d6f5ec41f62490e90b",
        "scripts/hitl-loop.template.sh": "35103539fc36873eea36074769ad454f9379d6fc8b2dc0e26ce987fd3bfe5503",
        "SKILL.md": "77f3cf31bc99b2f49af943222526531fcc9fc41d047626d3640e875e85af3e84"
      },
      "source_hash": "f593cfa429fce08549a1ac950527096de16591ef9225561913f1a50fc0c7799a"
    },
    "domain-modeling": {
      "classification": "unchanged",
      "origin": {
        "repository": "https://github.com/mattpocock/skills",
        "revision": "3cca18b368ae95cdbdebbff572ccafa662551015",
        "path": "skills/engineering/domain-modeling"
      },
      "license": "MIT",
      "dependencies": [],
      "files": {
        "ADR-FORMAT.md": "944c92aa790e8fbdc9199640b170979abb8a34ba8d0fe18c2a01a63bce140ca0",
        "agents/openai.yaml": "f6bf2aa996c6e6f53fdd0708e18a0d16a56aed8322cca59fedbe3c0d2c75f06b",
        "CONTEXT-FORMAT.md": "17ab16ce783e4d2801ee52fd9acdf550cbf44de65ae76797a93943bbedf22a13",
        "SKILL.md": "327a2b50620e2fd70abc6893cd6965e76b20f8d0adb0dc2c8d5eb3845efb643e"
      },
      "content_hash": "244ba9aba883c39323e535491929f109f7cbe883d0cacdb1058f135b533f598f",
      "source_files": {
        "ADR-FORMAT.md": "944c92aa790e8fbdc9199640b170979abb8a34ba8d0fe18c2a01a63bce140ca0",
        "agents/openai.yaml": "f6bf2aa996c6e6f53fdd0708e18a0d16a56aed8322cca59fedbe3c0d2c75f06b",
        "CONTEXT-FORMAT.md": "17ab16ce783e4d2801ee52fd9acdf550cbf44de65ae76797a93943bbedf22a13",
        "SKILL.md": "327a2b50620e2fd70abc6893cd6965e76b20f8d0adb0dc2c8d5eb3845efb643e"
      },
      "source_hash": "244ba9aba883c39323e535491929f109f7cbe883d0cacdb1058f135b533f598f"
    },
    "grilling": {
      "classification": "unchanged",
      "origin": {
        "repository": "https://github.com/mattpocock/skills",
        "revision": "3cca18b368ae95cdbdebbff572ccafa662551015",
        "path": "skills/productivity/grilling"
      },
      "license": "MIT",
      "dependencies": [],
      "files": {
        "agents/openai.yaml": "1411d7df7d99b7e621a1ff8283c8133cc2464be63d064e52d8ce169c6800ee9b",
        "SKILL.md": "10ff989e7498b23b5acb49d5048f11dcd906757d2f79c5cdf8a00001381296f2"
      },
      "content_hash": "024b8aaeb35c035349845d909dc2d52591c76268d0fbc4b1e933c7150a73cf6a",
      "source_files": {
        "agents/openai.yaml": "1411d7df7d99b7e621a1ff8283c8133cc2464be63d064e52d8ce169c6800ee9b",
        "SKILL.md": "10ff989e7498b23b5acb49d5048f11dcd906757d2f79c5cdf8a00001381296f2"
      },
      "source_hash": "024b8aaeb35c035349845d909dc2d52591c76268d0fbc4b1e933c7150a73cf6a"
    },
    "implement": {
      "classification": "unchanged",
      "origin": {
        "repository": "https://github.com/mattpocock/skills",
        "revision": "3cca18b368ae95cdbdebbff572ccafa662551015",
        "path": "skills/engineering/implement"
      },
      "license": "MIT",
      "dependencies": [
        "tdd",
        "code-review"
      ],
      "files": {
        "agents/openai.yaml": "8970a8596ade0c28ab427f41a4ea242d6bdf6186c59ebf55e1238dbecaab79dc",
        "SKILL.md": "6d3fd9e83b8f36e5213854779db49b256a457a7ebb4a503e53fa7dcff696adc3"
      },
      "content_hash": "b1ff7d578169f1422350fb5de92a19ea4f3446292894e9dc08773b19714159e5",
      "source_files": {
        "agents/openai.yaml": "8970a8596ade0c28ab427f41a4ea242d6bdf6186c59ebf55e1238dbecaab79dc",
        "SKILL.md": "6d3fd9e83b8f36e5213854779db49b256a457a7ebb4a503e53fa7dcff696adc3"
      },
      "source_hash": "b1ff7d578169f1422350fb5de92a19ea4f3446292894e9dc08773b19714159e5"
    },
    "paper2code-core": {
      "classification": "new",
      "origin": {
        "repository": "https://github.com/JimYang816/paper2code-skills",
        "path": "skills/paper2code-core"
      },
      "license": "MIT",
      "dependencies": [],
      "files": {
        "assets/reproduction/dossier/ambiguities.yaml": "af1120a2570492954a8528ba08b7eab12f3200fc872ecab88c9888758821ed70",
        "assets/reproduction/dossier/evidence.yaml": "43c5ceabaec8596bc242f2a9b5a0a7c6b6c063709fdd69cd7c26cb31fd536fc9",
        "assets/reproduction/dossier/scope-matrix.yaml": "dc15c01a732d06950d7a5c07f03b2bc39ca4104544ad513fb145a01ac8987d4b",
        "references/github-graph.md": "139f824b64f1aec6c60722ffb7b0c9c4962fd09db1bdb8fbf3b48a839d5b4fd0",
        "references/lifecycle.md": "a36c25dbfebf4551c6459bab3400d810e987e59271267718b75f22aebafdef3b",
        "references/repository-layout.md": "9b96330e840c8de31b674e78981471c20256f8162c522bb271a5a2bdc51635de",
        "references/schemas/v1/ambiguities.schema.json": "a0515ef032e0f5715f81fb75a89203d35e055dac6c9b8db7c8eebd20c6e0b401",
        "references/schemas/v1/capability-report.schema.json": "5e6d42f8ae8a7e631e0621083355bc16de44e75560ba65e90c38d9d66bc8983a",
        "references/schemas/v1/diagnosis.schema.json": "b4e9aa6898abf5d7cabb37f69e8e4fe16520204587ec23e02d065849c2df932d",
        "references/schemas/v1/evaluation-report.schema.json": "794a1b9f8b4c6d45212db5bd7fc9ddf547854908b1d5fd01944a5649c341c4aa",
        "references/schemas/v1/evaluation.schema.json": "1a70454b878deb0797e4fdcfad942a87a293efe5b949a1cd755534e54890cca0",
        "references/schemas/v1/evidence-audit.schema.json": "9cf10cd5f14f42307edf0c7e0701e0a02683969ed1ac7bfd8a53412ad77820e8",
        "references/schemas/v1/evidence-gate.schema.json": "9a7f4321d5348c4346bf613d5eaab8463fec28405965fa2a5aa66eac0f8be670",
        "references/schemas/v1/evidence.schema.json": "157f6a9bd7387aefdbb0d8dd6736314adb79af1d1d336de16badd7bd93f5b32e",
        "references/schemas/v1/full-run-gate.schema.json": "0c1bf7b31b6d5af9942424c495583ab6bc28128e5da6c7d5ca699148eaca1b86",
        "references/schemas/v1/full-run-report.schema.json": "c4f5ac02a598bc016bf51a8e53ed0c0f5fcfe3bbbf1c27164ab3970aab0a348c",
        "references/schemas/v1/run.schema.json": "df0f1f2ad673118b7f7b145a731b957dd857116d011e1c7c51c824d579480df7",
        "references/schemas/v1/scope-matrix.schema.json": "e63f9e5ad278041e087ef8ec652e77f77a4631dce5f50a96e572265997febd22",
        "references/schemas/v1/specification-gate.schema.json": "38edda969aff78cf3fcd74c8660679d2b0f225f071d355e97410c355958e8f70",
        "references/schemas/v1/specification.schema.json": "fb68715f3bdfd54ac31e1659e4bad2d262a0e42aafa5101dd12acd2e20dd8a0f",
        "references/schemas/v1/state.schema.json": "8e7c9979ee0846b34741087596efe0a60b238f0088a6ea731ee2c8303e0bfdb5",
        "references/schemas/v1/validation-report.schema.json": "83c4b7dbf81484a85a337fbd0d1e3dd0bb23f0813148ba4a2232b8671eb025b2",
        "references/schemas/v1/validation.schema.json": "81a9810e44ad2e10c645b85d842eb2e3e2e0a7cb1b4b56dc9ca4c31ed160eee8",
        "references/schemas/v1/wayfinding.schema.json": "43071b8eb113c21b10b45b7bd107a13b6f2c17ddb66b19d79ab539bda9ffeac1",
        "references/skill-closure.md": "0e589e0dcf93ede33cbba0fbf4f23a15425e76a68dac4a42203aeb8762083a71",
        "scripts/evaluation_engine.py": "e15d056c0aa353af98e4d308d8576a596880933a6ee6d73788f62898c049986b",
        "scripts/paper2code.py": "70986baa5b63def8c2b5ee1826681d95fa8ff2d735fb4041443f06a9166bd583",
        "scripts/verify_closure.py": "0ba488ad8b08f39c117307890da50a392a235dca3f79f8161e2cbbd03300cd30",
        "SKILL.md": "5aecdb51cf50c55fac9482295788d4c38005da1e6bff9c3bb6f7c79e8df27717"
      },
      "content_hash": "f739f7ce497b66cf37613c268a72f10fe88023b7f0b753d45f0bfbaa2cc1391d"
    },
    "research": {
      "classification": "unchanged",
      "origin": {
        "repository": "https://github.com/mattpocock/skills",
        "revision": "3cca18b368ae95cdbdebbff572ccafa662551015",
        "path": "skills/engineering/research"
      },
      "license": "MIT",
      "dependencies": [],
      "files": {
        "agents/openai.yaml": "9b4c470d63221c1f68f22df70b83e2f12401b317babe0d1b7b5f24a974474d0d",
        "SKILL.md": "985569f15739c713d6784887c3d186d4ef9ac85bec5ad9c068d25bf0739928e4"
      },
      "content_hash": "8cf24c2d986078b38e79cf6c4241a4ef26123247280b10b3939d818c3694576c",
      "source_files": {
        "agents/openai.yaml": "9b4c470d63221c1f68f22df70b83e2f12401b317babe0d1b7b5f24a974474d0d",
        "SKILL.md": "985569f15739c713d6784887c3d186d4ef9ac85bec5ad9c068d25bf0739928e4"
      },
      "source_hash": "8cf24c2d986078b38e79cf6c4241a4ef26123247280b10b3939d818c3694576c"
    },
    "setup-matt-pocock-skills": {
      "classification": "unchanged",
      "origin": {
        "repository": "https://github.com/mattpocock/skills",
        "revision": "3cca18b368ae95cdbdebbff572ccafa662551015",
        "path": "skills/engineering/setup-matt-pocock-skills"
      },
      "license": "MIT",
      "dependencies": [],
      "files": {
        "agents/openai.yaml": "9527de0110541c45712319025155aeab8dc7d77c6ed6e5e83271bab1851ab939",
        "domain.md": "edc6d6131fdffc4b7135704f5262124fc43355c95f61b7399dc5a4db643e28ca",
        "issue-tracker-github.md": "afd6852a80185217bd28aa5cbe456bef1e85be25be7bd1fba382d5b8ee428325",
        "issue-tracker-gitlab.md": "ea175f73d193b3f55819c0ed9bbccf6ee0e70ad8f928e3d7607596c53380acd6",
        "issue-tracker-local.md": "7dcda20a2eb4bdc89b95d1143423c0691309921cadae3132e6424f371030506e",
        "SKILL.md": "2bcd89e97777cdb705914424e39c97d5db524c8eb4eafac8120778a07774f0ec",
        "triage-labels.md": "4f53c9b40ce2651e3611aa090eaedbd6dbc9b71ef8c5f7e65eac0d8263190d0d"
      },
      "content_hash": "220bb90372544dde22e5568ae51916ea5b661b96b028c5590d715938858b8c7e",
      "source_files": {
        "agents/openai.yaml": "9527de0110541c45712319025155aeab8dc7d77c6ed6e5e83271bab1851ab939",
        "domain.md": "edc6d6131fdffc4b7135704f5262124fc43355c95f61b7399dc5a4db643e28ca",
        "issue-tracker-github.md": "afd6852a80185217bd28aa5cbe456bef1e85be25be7bd1fba382d5b8ee428325",
        "issue-tracker-gitlab.md": "ea175f73d193b3f55819c0ed9bbccf6ee0e70ad8f928e3d7607596c53380acd6",
        "issue-tracker-local.md": "7dcda20a2eb4bdc89b95d1143423c0691309921cadae3132e6424f371030506e",
        "SKILL.md": "2bcd89e97777cdb705914424e39c97d5db524c8eb4eafac8120778a07774f0ec",
        "triage-labels.md": "4f53c9b40ce2651e3611aa090eaedbd6dbc9b71ef8c5f7e65eac0d8263190d0d"
      },
      "source_hash": "220bb90372544dde22e5568ae51916ea5b661b96b028c5590d715938858b8c7e"
    },
    "tdd": {
      "classification": "unchanged",
      "origin": {
        "repository": "https://github.com/mattpocock/skills",
        "revision": "3cca18b368ae95cdbdebbff572ccafa662551015",
        "path": "skills/engineering/tdd"
      },
      "license": "MIT",
      "dependencies": [
        "codebase-design",
        "code-review"
      ],
      "files": {
        "agents/openai.yaml": "ea6f01cf1b8c06a4b0f5b649d74b1b8ce8685e72af1b38d70d877693e092af0b",
        "mocking.md": "3ceb807fdf4a47d6a93d4d9a891e5ba6d362a6247bd08adc451feebfc17361ef",
        "SKILL.md": "cb01f66bebfaa25fa1f88e6b7e769cd9fd9f35b1120b8563749820738814c927",
        "tests.md": "859f9e592c188fda4fc7277dd180e4ce9c7a2e13f6efe1f6f29eccc9d28c106a"
      },
      "content_hash": "9b9de3e923e99ff1a1c7b62d76ab72fadf7e05d296432488062be58cd0fdd0c0",
      "source_files": {
        "agents/openai.yaml": "ea6f01cf1b8c06a4b0f5b649d74b1b8ce8685e72af1b38d70d877693e092af0b",
        "mocking.md": "3ceb807fdf4a47d6a93d4d9a891e5ba6d362a6247bd08adc451feebfc17361ef",
        "SKILL.md": "cb01f66bebfaa25fa1f88e6b7e769cd9fd9f35b1120b8563749820738814c927",
        "tests.md": "859f9e592c188fda4fc7277dd180e4ce9c7a2e13f6efe1f6f29eccc9d28c106a"
      },
      "source_hash": "9b9de3e923e99ff1a1c7b62d76ab72fadf7e05d296432488062be58cd0fdd0c0"
    },
    "to-tickets": {
      "classification": "unchanged",
      "origin": {
        "repository": "https://github.com/mattpocock/skills",
        "revision": "3cca18b368ae95cdbdebbff572ccafa662551015",
        "path": "skills/engineering/to-tickets"
      },
      "license": "MIT",
      "dependencies": [
        "setup-matt-pocock-skills"
      ],
      "files": {
        "agents/openai.yaml": "21bc6215fffcd7614e9f772bb1760e87cc5fc7dcc707e7d282bc9414267a6090",
        "SKILL.md": "5c9fba69845c2519b9b35b9af42ae5142c21f8ca15ac2123dc2722002c8058ae"
      },
      "content_hash": "e3e6cc97b1cb4904f8c6f10abbd84aa17565092122de6129fec576b8b7a63dae",
      "source_files": {
        "agents/openai.yaml": "21bc6215fffcd7614e9f772bb1760e87cc5fc7dcc707e7d282bc9414267a6090",
        "SKILL.md": "5c9fba69845c2519b9b35b9af42ae5142c21f8ca15ac2123dc2722002c8058ae"
      },
      "source_hash": "e3e6cc97b1cb4904f8c6f10abbd84aa17565092122de6129fec576b8b7a63dae"
    },
    "setup-paper2code": {
      "classification": "new",
      "origin": {
        "repository": "https://github.com/JimYang816/paper2code-skills",
        "path": "skills/setup-paper2code"
      },
      "license": "MIT",
      "dependencies": [
        "paper2code-core"
      ],
      "files": {
        "scripts/capabilities.py": "43dcef0e1bc75a3e703bc3394d9bce9183c2a38902f3bba9b771a7302a857ab9",
        "scripts/check_capabilities.py": "74cb7e6f266b26afe9d7c95733731f9a6c30e1982850b57c95b97b4cc3c53029",
        "scripts/setup.py": "d2876a26da9da2e8dee48875d14206c38ab1c2efa6c7f9bd4127bbe28b777ea2",
        "SKILL.md": "8e8b247f917166653d017c153c20a64b1dc38e511054b95eb490f7634047b114"
      },
      "content_hash": "1a1e60c641bb05843868c913973fd937e07ae2ce051879ffc21cb59b48061bb3"
    },
    "extract-paper2code": {
      "classification": "new",
      "origin": {
        "repository": "https://github.com/JimYang816/paper2code-skills",
        "path": "skills/extract-paper2code"
      },
      "license": "MIT",
      "dependencies": [
        "paper2code-core"
      ],
      "files": {
        "references/extraction.md": "603601dcb0229a7174077f7d2264bd09d21aac7df293e3bce3e69ddd29c8412a",
        "scripts/capabilities.py": "e882f263288456f71a20cbff7c43b88958f742dd19f4380e3a64bed5c7bd679a",
        "scripts/check_capabilities.py": "31d8c2ca8f6c56906418dfac8c4302859a20ee5be844857eb05c6892b3d0f28d",
        "scripts/extract.py": "2f6d4eddc985bf261c570c9aac72da8b2860ff062cbfe8a737b54a8cdf573946",
        "SKILL.md": "4bb7b0b27827a0969267b2d4b88be86989be4e81194f11ddfa328b6c12e4965f"
      },
      "content_hash": "28a09a6951a84e1ee87615e6e6276c2d6724352db4f8f5600d67deb70ffc731d"
    },
    "paper-grilling": {
      "classification": "new",
      "origin": {
        "repository": "https://github.com/JimYang816/paper2code-skills",
        "path": "skills/paper-grilling"
      },
      "license": "MIT",
      "dependencies": [
        "paper2code-core",
        "grilling"
      ],
      "files": {
        "references/grilling.md": "67af14e935c79c15ea2ecad9f4309573d83098a643518eb1f6a450bbb1ee3342",
        "scripts/gate.py": "1a82ac58b10ae8f15bfff3995ebce9c59326198dfaabfb8247bb764b80087a47",
        "SKILL.md": "a65f2be4fd9d9490adb4145170da26608c2e073780c208d09af355a882ba2c94"
      },
      "content_hash": "3657b8a04c477830ccd9fd2421eb66ff78bac3150dcb2c315659b66ae3ad7386"
    },
    "paper-wayfinding": {
      "classification": "new",
      "origin": {
        "repository": "https://github.com/JimYang816/paper2code-skills",
        "path": "skills/paper-wayfinding"
      },
      "license": "MIT",
      "dependencies": [
        "paper2code-core"
      ],
      "files": {
        "references/wayfinding.md": "7d81345befe0c25b0b4ec26c2fd321551c0d5829a52694c729739db23d9b36de",
        "SKILL.md": "8d1e1a21194a789c3e8ac388f4beae30cfcba6c4368a63cca0f7ef7906262aac"
      },
      "content_hash": "bd98463b2f162fdd904b27f7f66f996d9846a046a5949011405900e3843f6feb"
    },
    "paper-spec": {
      "classification": "new",
      "origin": {
        "repository": "https://github.com/JimYang816/paper2code-skills",
        "path": "skills/paper-spec"
      },
      "license": "MIT",
      "dependencies": [
        "paper2code-core"
      ],
      "files": {
        "references/specification.md": "64895e74ad26a49edd34c24fdba2e14da67a7868bbb7b81458d02be588613992",
        "scripts/spec.py": "53c3f5ff4834dc55d3c7bac74c07d808ca98f25a98ed5acf93e05047b44cbfaa",
        "SKILL.md": "62dc6773b46ecec8c3cbf846a3b7ad1c61c99a17fd9da64e0b5e7ba6a8d44a23"
      },
      "content_hash": "b5f38ed66069686198ad45ea88451fc9fc8193089e1d473dbba988f192bea621"
    },
    "paper-validation": {
      "classification": "new",
      "origin": {
        "repository": "https://github.com/JimYang816/paper2code-skills",
        "path": "skills/paper-validation"
      },
      "license": "MIT",
      "dependencies": [
        "paper2code-core"
      ],
      "files": {
        "references/validation.md": "b52d8133bb90f8b62aefa6e940b84b628d2e953d260ecb759590565f36cefbca",
        "scripts/validate.py": "b7ec3591f9ee41cc2b530cacfffc00e4dccff2aadeb3c8b71c35bbcc06dc38cd",
        "SKILL.md": "4af289b53f2e88d8c500b128fb487bfc6086fba453028d9a53ab9d26f45c7d68"
      },
      "content_hash": "75848356822b2fc49d57221c31e1116e37bf8414bcddc15b8c8e870a51bbc5c1"
    },
    "paper-run": {
      "classification": "new",
      "origin": {
        "repository": "https://github.com/JimYang816/paper2code-skills",
        "path": "skills/paper-run"
      },
      "license": "MIT",
      "dependencies": [
        "paper2code-core"
      ],
      "files": {
        "SKILL.md": "97451d01731314035819147d3b8820bcb83a8ec727a6d2d6379fe2776f7db2b0",
        "references/run-bundle.md": "4cd337a3db4bd5d32462ec1a142b0dcbc373d4fe48ae2c990162784a8599cb00",
        "scripts/run.py": "f7ce214d71f31cac1126a80ea69bc4f41a89df34c0576e338f49e8ae3735c6bb"
      },
      "content_hash": "bc167fa90749932aee0891200b9c0f81a327f3fba1428f6c53398f576c31c0c4"
    },
    "paper-evaluation": {
      "classification": "new",
      "origin": {
        "repository": "https://github.com/JimYang816/paper2code-skills",
        "path": "skills/paper-evaluation"
      },
      "license": "MIT",
      "dependencies": [
        "paper2code-core"
      ],
      "files": {
        "scripts/evaluate.py": "dea24ff4c31ba43af1b9f0eea2498ec357c4fda5aedd3ab8d61b38c1d9b721fc",
        "references/evaluation.md": "67b41ccad1b5b5f0a266c27ddfd673ffdb910ee5cf72989271f975d7ab9b684c",
        "SKILL.md": "8722c9740b51a187d9b92c74ce69f48bcfc5582e14970e42991bb39ab9d45444"
      },
      "content_hash": "5e721d79e6847a35ace885b61d69da8a7fdade7de0550b133c1bbfb45d73e980"
    },
    "paper-diagnosis": {
      "classification": "new",
      "origin": {
        "repository": "https://github.com/JimYang816/paper2code-skills",
        "path": "skills/paper-diagnosis"
      },
      "license": "MIT",
      "dependencies": [
        "paper2code-core",
        "paper-evaluation"
      ],
      "files": {
        "SKILL.md": "5908da730eef983e7fddc45a809395a3e9b8c1792d894d6a4538f21bdfd788ba",
        "scripts/diagnose.py": "c8eaae11c46d7a2f12169a5b7bff4bf89ce80b45bf38a1b2d107a6e2df407682"
      },
      "content_hash": "b98343a6053a6126433fd3578c2d716421b8259edab2ce765aee40a195ae8a8c"
    },
    "paper2code-router": {
      "classification": "new",
      "origin": {
        "repository": "https://github.com/JimYang816/paper2code-skills",
        "path": "skills/paper2code-router"
      },
      "license": "MIT",
      "dependencies": [
        "paper2code-core"
      ],
      "files": {
        "SKILL.md": "0ef920e08cd8eb835999c6eec1ab46c5f919a19688261c70a0129c7b387ab185"
      },
      "content_hash": "e49cfa5c3d2aded489991ecfc59bd9b3c4a17e82785adff3f72003c13ecaccc0"
    },
    "update-paper2code-skills": {
      "classification": "new",
      "origin": {
        "repository": "https://github.com/JimYang816/paper2code-skills",
        "path": "skills/update-paper2code-skills"
      },
      "license": "MIT",
      "dependencies": [
        "paper2code-core"
      ],
      "files": {
        "scripts/update.py": "990c6ebee1c954f32d7ac682c67fa6a71d1fb8d0bc0e2f33d5dbf94a8899f957",
        "SKILL.md": "df5d035411bf73a496759f529610f1955b18cbd40e49eb0630b779779af7fde0"
      },
      "content_hash": "5d0c0f628fb12b1e02ff02eacb8f9f69fd4fe01065a6094f486f31de53618e51"
    }
  },
  "distribution_files": {
    "LICENSE": "8d541ba44f1fd5b046992be59d84859fc6d3815a101ec2212cb282e38d231113",
    "THIRD_PARTY_NOTICES.md": "de9895c7e869ed9ab5d6edb33b78696c3ea29d13ac58e774000549413ab903bf",
    "licenses/mattpocock-skills-LICENSE": "0e7ac423bf2c6e223b7c5b156f8cf72da49d748e56a1641402c31f22ad07dbb5",
    ".gitattributes": "c856d0e999b191a360f4356c74eb13847fe3dec84fa6578699faa974bf5a52ba"
  }
}
