{
  "version": 1,
  "upstream": {
    "repository": "https://github.com/mattpocock/skills",
    "revision": "3cca18b368ae95cdbdebbff572ccafa662551015"
  },
  "roots": [
    "grilling",
    "domain-modeling",
    "research",
    "to-tickets",
    "implement",
    "tdd",
    "codebase-design",
    "code-review",
    "diagnosing-bugs",
    "paper2code-core",
    "setup-paper2code",
    "extract-paper2code",
    "paper-grilling",
    "paper-wayfinding"
  ],
  "skills": {
    "code-review": {
      "classification": "unchanged",
      "origin": {
        "repository": "https://github.com/mattpocock/skills",
        "revision": "3cca18b368ae95cdbdebbff572ccafa662551015",
        "path": "skills/engineering/code-review"
      },
      "license": "MIT",
      "dependencies": [
        "setup-matt-pocock-skills"
      ],
      "files": {
        "agents/openai.yaml": "8229ca854e11dc8e6aef2131ee03f31fb1561cf905fab9ccc325180cf3331352",
        "SKILL.md": "47f4e52c21694def9c7c11cbfbf891ca35eac7a93e395797515be3c8a409ae50"
      },
      "content_hash": "502ec5bb2d2c83b59d02854549e7045ad3e996a4d9f91d538fb87cba4f63f348",
      "source_files": {
        "agents/openai.yaml": "8229ca854e11dc8e6aef2131ee03f31fb1561cf905fab9ccc325180cf3331352",
        "SKILL.md": "47f4e52c21694def9c7c11cbfbf891ca35eac7a93e395797515be3c8a409ae50"
      },
      "source_hash": "502ec5bb2d2c83b59d02854549e7045ad3e996a4d9f91d538fb87cba4f63f348"
    },
    "codebase-design": {
      "classification": "unchanged",
      "origin": {
        "repository": "https://github.com/mattpocock/skills",
        "revision": "3cca18b368ae95cdbdebbff572ccafa662551015",
        "path": "skills/engineering/codebase-design"
      },
      "license": "MIT",
      "dependencies": [],
      "files": {
        "agents/openai.yaml": "edebc9e4fcfe102114012575eaa9600b9b5fd08c311664f389c36e7bc717740f",
        "DEEPENING.md": "f3dd099ce99289bd213914d8ee3e2429b78309c3957ca4583f7659551b1d53c1",
        "DESIGN-IT-TWICE.md": "8e740bf98446dbd4dfdc132ac4346d9a7eedaf93de6a495889171cf7f99f16bd",
        "SKILL.md": "2c20617f87ec8af6a434859f381b2f061a69b530444e74eb39e78bb016a6d1e2"
      },
      "content_hash": "4a648631d529c1c392deac1e68c22a8bfbf555b5d722d6b81856be3c8aceaeea",
      "source_files": {
        "agents/openai.yaml": "edebc9e4fcfe102114012575eaa9600b9b5fd08c311664f389c36e7bc717740f",
        "DEEPENING.md": "f3dd099ce99289bd213914d8ee3e2429b78309c3957ca4583f7659551b1d53c1",
        "DESIGN-IT-TWICE.md": "8e740bf98446dbd4dfdc132ac4346d9a7eedaf93de6a495889171cf7f99f16bd",
        "SKILL.md": "2c20617f87ec8af6a434859f381b2f061a69b530444e74eb39e78bb016a6d1e2"
      },
      "source_hash": "4a648631d529c1c392deac1e68c22a8bfbf555b5d722d6b81856be3c8aceaeea"
    },
    "diagnosing-bugs": {
      "classification": "unchanged",
      "origin": {
        "repository": "https://github.com/mattpocock/skills",
        "revision": "3cca18b368ae95cdbdebbff572ccafa662551015",
        "path": "skills/engineering/diagnosing-bugs"
      },
      "license": "MIT",
      "dependencies": [],
      "files": {
        "agents/openai.yaml": "3e430dbe4334a87597488c060cb3dc3786bb00c9182877d6f5ec41f62490e90b",
        "scripts/hitl-loop.template.sh": "35103539fc36873eea36074769ad454f9379d6fc8b2dc0e26ce987fd3bfe5503",
        "SKILL.md": "77f3cf31bc99b2f49af943222526531fcc9fc41d047626d3640e875e85af3e84"
      },
      "content_hash": "f593cfa429fce08549a1ac950527096de16591ef9225561913f1a50fc0c7799a",
      "source_files": {
        "agents/openai.yaml": "3e430dbe4334a87597488c060cb3dc3786bb00c9182877d6f5ec41f62490e90b",
        "scripts/hitl-loop.template.sh": "35103539fc36873eea36074769ad454f9379d6fc8b2dc0e26ce987fd3bfe5503",
        "SKILL.md": "77f3cf31bc99b2f49af943222526531fcc9fc41d047626d3640e875e85af3e84"
      },
      "source_hash": "f593cfa429fce08549a1ac950527096de16591ef9225561913f1a50fc0c7799a"
    },
    "domain-modeling": {
      "classification": "unchanged",
      "origin": {
        "repository": "https://github.com/mattpocock/skills",
        "revision": "3cca18b368ae95cdbdebbff572ccafa662551015",
        "path": "skills/engineering/domain-modeling"
      },
      "license": "MIT",
      "dependencies": [],
      "files": {
        "ADR-FORMAT.md": "944c92aa790e8fbdc9199640b170979abb8a34ba8d0fe18c2a01a63bce140ca0",
        "agents/openai.yaml": "f6bf2aa996c6e6f53fdd0708e18a0d16a56aed8322cca59fedbe3c0d2c75f06b",
        "CONTEXT-FORMAT.md": "17ab16ce783e4d2801ee52fd9acdf550cbf44de65ae76797a93943bbedf22a13",
        "SKILL.md": "327a2b50620e2fd70abc6893cd6965e76b20f8d0adb0dc2c8d5eb3845efb643e"
      },
      "content_hash": "244ba9aba883c39323e535491929f109f7cbe883d0cacdb1058f135b533f598f",
      "source_files": {
        "ADR-FORMAT.md": "944c92aa790e8fbdc9199640b170979abb8a34ba8d0fe18c2a01a63bce140ca0",
        "agents/openai.yaml": "f6bf2aa996c6e6f53fdd0708e18a0d16a56aed8322cca59fedbe3c0d2c75f06b",
        "CONTEXT-FORMAT.md": "17ab16ce783e4d2801ee52fd9acdf550cbf44de65ae76797a93943bbedf22a13",
        "SKILL.md": "327a2b50620e2fd70abc6893cd6965e76b20f8d0adb0dc2c8d5eb3845efb643e"
      },
      "source_hash": "244ba9aba883c39323e535491929f109f7cbe883d0cacdb1058f135b533f598f"
    },
    "grilling": {
      "classification": "unchanged",
      "origin": {
        "repository": "https://github.com/mattpocock/skills",
        "revision": "3cca18b368ae95cdbdebbff572ccafa662551015",
        "path": "skills/productivity/grilling"
      },
      "license": "MIT",
      "dependencies": [],
      "files": {
        "agents/openai.yaml": "1411d7df7d99b7e621a1ff8283c8133cc2464be63d064e52d8ce169c6800ee9b",
        "SKILL.md": "10ff989e7498b23b5acb49d5048f11dcd906757d2f79c5cdf8a00001381296f2"
      },
      "content_hash": "024b8aaeb35c035349845d909dc2d52591c76268d0fbc4b1e933c7150a73cf6a",
      "source_files": {
        "agents/openai.yaml": "1411d7df7d99b7e621a1ff8283c8133cc2464be63d064e52d8ce169c6800ee9b",
        "SKILL.md": "10ff989e7498b23b5acb49d5048f11dcd906757d2f79c5cdf8a00001381296f2"
      },
      "source_hash": "024b8aaeb35c035349845d909dc2d52591c76268d0fbc4b1e933c7150a73cf6a"
    },
    "implement": {
      "classification": "unchanged",
      "origin": {
        "repository": "https://github.com/mattpocock/skills",
        "revision": "3cca18b368ae95cdbdebbff572ccafa662551015",
        "path": "skills/engineering/implement"
      },
      "license": "MIT",
      "dependencies": [
        "tdd",
        "code-review"
      ],
      "files": {
        "agents/openai.yaml": "8970a8596ade0c28ab427f41a4ea242d6bdf6186c59ebf55e1238dbecaab79dc",
        "SKILL.md": "6d3fd9e83b8f36e5213854779db49b256a457a7ebb4a503e53fa7dcff696adc3"
      },
      "content_hash": "b1ff7d578169f1422350fb5de92a19ea4f3446292894e9dc08773b19714159e5",
      "source_files": {
        "agents/openai.yaml": "8970a8596ade0c28ab427f41a4ea242d6bdf6186c59ebf55e1238dbecaab79dc",
        "SKILL.md": "6d3fd9e83b8f36e5213854779db49b256a457a7ebb4a503e53fa7dcff696adc3"
      },
      "source_hash": "b1ff7d578169f1422350fb5de92a19ea4f3446292894e9dc08773b19714159e5"
    },
    "paper2code-core": {
      "classification": "new",
      "origin": {
        "repository": "https://github.com/JimYang816/paper2code-skills",
        "path": "skills/paper2code-core"
      },
      "license": "MIT",
      "dependencies": [],
      "files": {
        "assets/reproduction/dossier/ambiguities.yaml": "af1120a2570492954a8528ba08b7eab12f3200fc872ecab88c9888758821ed70",
        "assets/reproduction/dossier/evidence.yaml": "43c5ceabaec8596bc242f2a9b5a0a7c6b6c063709fdd69cd7c26cb31fd536fc9",
        "assets/reproduction/dossier/scope-matrix.yaml": "dc15c01a732d06950d7a5c07f03b2bc39ca4104544ad513fb145a01ac8987d4b",
        "references/github-graph.md": "139f824b64f1aec6c60722ffb7b0c9c4962fd09db1bdb8fbf3b48a839d5b4fd0",
        "references/lifecycle.md": "a36c25dbfebf4551c6459bab3400d810e987e59271267718b75f22aebafdef3b",
        "references/repository-layout.md": "11d7c93be6aeadf29c691cfa008a9d0c4fce7080f453e3cd83cea8b65bc8c899",
        "references/schemas/v1/ambiguities.schema.json": "a0515ef032e0f5715f81fb75a89203d35e055dac6c9b8db7c8eebd20c6e0b401",
        "references/schemas/v1/capability-report.schema.json": "5e6d42f8ae8a7e631e0621083355bc16de44e75560ba65e90c38d9d66bc8983a",
        "references/schemas/v1/evidence-audit.schema.json": "9cf10cd5f14f42307edf0c7e0701e0a02683969ed1ac7bfd8a53412ad77820e8",
        "references/schemas/v1/evidence-gate.schema.json": "9a7f4321d5348c4346bf613d5eaab8463fec28405965fa2a5aa66eac0f8be670",
        "references/schemas/v1/evidence.schema.json": "157f6a9bd7387aefdbb0d8dd6736314adb79af1d1d336de16badd7bd93f5b32e",
        "references/schemas/v1/state.schema.json": "8e7c9979ee0846b34741087596efe0a60b238f0088a6ea731ee2c8303e0bfdb5",
        "references/schemas/v1/wayfinding.schema.json": "43071b8eb113c21b10b45b7bd107a13b6f2c17ddb66b19d79ab539bda9ffeac1",
        "references/skill-closure.md": "0e589e0dcf93ede33cbba0fbf4f23a15425e76a68dac4a42203aeb8762083a71",
        "scripts/paper2code.py": "790c29dbd4899a900ea54869536de0ad7fbf1d83092f16dc8e00e7a6f586bab4",
        "scripts/verify_closure.py": "0ba488ad8b08f39c117307890da50a392a235dca3f79f8161e2cbbd03300cd30",
        "SKILL.md": "fbac7d6ddaf211cde2de1a602727f26b25ece116f1e592733c58b490f3e36029"
      },
      "content_hash": "8cdb32caef27e97ab30a237537f26866da5e8778e1ac0218efd30b3b16bb0c45"
    },
    "research": {
      "classification": "unchanged",
      "origin": {
        "repository": "https://github.com/mattpocock/skills",
        "revision": "3cca18b368ae95cdbdebbff572ccafa662551015",
        "path": "skills/engineering/research"
      },
      "license": "MIT",
      "dependencies": [],
      "files": {
        "agents/openai.yaml": "9b4c470d63221c1f68f22df70b83e2f12401b317babe0d1b7b5f24a974474d0d",
        "SKILL.md": "985569f15739c713d6784887c3d186d4ef9ac85bec5ad9c068d25bf0739928e4"
      },
      "content_hash": "8cf24c2d986078b38e79cf6c4241a4ef26123247280b10b3939d818c3694576c",
      "source_files": {
        "agents/openai.yaml": "9b4c470d63221c1f68f22df70b83e2f12401b317babe0d1b7b5f24a974474d0d",
        "SKILL.md": "985569f15739c713d6784887c3d186d4ef9ac85bec5ad9c068d25bf0739928e4"
      },
      "source_hash": "8cf24c2d986078b38e79cf6c4241a4ef26123247280b10b3939d818c3694576c"
    },
    "setup-matt-pocock-skills": {
      "classification": "unchanged",
      "origin": {
        "repository": "https://github.com/mattpocock/skills",
        "revision": "3cca18b368ae95cdbdebbff572ccafa662551015",
        "path": "skills/engineering/setup-matt-pocock-skills"
      },
      "license": "MIT",
      "dependencies": [],
      "files": {
        "agents/openai.yaml": "9527de0110541c45712319025155aeab8dc7d77c6ed6e5e83271bab1851ab939",
        "domain.md": "edc6d6131fdffc4b7135704f5262124fc43355c95f61b7399dc5a4db643e28ca",
        "issue-tracker-github.md": "afd6852a80185217bd28aa5cbe456bef1e85be25be7bd1fba382d5b8ee428325",
        "issue-tracker-gitlab.md": "ea175f73d193b3f55819c0ed9bbccf6ee0e70ad8f928e3d7607596c53380acd6",
        "issue-tracker-local.md": "7dcda20a2eb4bdc89b95d1143423c0691309921cadae3132e6424f371030506e",
        "SKILL.md": "2bcd89e97777cdb705914424e39c97d5db524c8eb4eafac8120778a07774f0ec",
        "triage-labels.md": "4f53c9b40ce2651e3611aa090eaedbd6dbc9b71ef8c5f7e65eac0d8263190d0d"
      },
      "content_hash": "220bb90372544dde22e5568ae51916ea5b661b96b028c5590d715938858b8c7e",
      "source_files": {
        "agents/openai.yaml": "9527de0110541c45712319025155aeab8dc7d77c6ed6e5e83271bab1851ab939",
        "domain.md": "edc6d6131fdffc4b7135704f5262124fc43355c95f61b7399dc5a4db643e28ca",
        "issue-tracker-github.md": "afd6852a80185217bd28aa5cbe456bef1e85be25be7bd1fba382d5b8ee428325",
        "issue-tracker-gitlab.md": "ea175f73d193b3f55819c0ed9bbccf6ee0e70ad8f928e3d7607596c53380acd6",
        "issue-tracker-local.md": "7dcda20a2eb4bdc89b95d1143423c0691309921cadae3132e6424f371030506e",
        "SKILL.md": "2bcd89e97777cdb705914424e39c97d5db524c8eb4eafac8120778a07774f0ec",
        "triage-labels.md": "4f53c9b40ce2651e3611aa090eaedbd6dbc9b71ef8c5f7e65eac0d8263190d0d"
      },
      "source_hash": "220bb90372544dde22e5568ae51916ea5b661b96b028c5590d715938858b8c7e"
    },
    "tdd": {
      "classification": "unchanged",
      "origin": {
        "repository": "https://github.com/mattpocock/skills",
        "revision": "3cca18b368ae95cdbdebbff572ccafa662551015",
        "path": "skills/engineering/tdd"
      },
      "license": "MIT",
      "dependencies": [
        "codebase-design",
        "code-review"
      ],
      "files": {
        "agents/openai.yaml": "ea6f01cf1b8c06a4b0f5b649d74b1b8ce8685e72af1b38d70d877693e092af0b",
        "mocking.md": "3ceb807fdf4a47d6a93d4d9a891e5ba6d362a6247bd08adc451feebfc17361ef",
        "SKILL.md": "cb01f66bebfaa25fa1f88e6b7e769cd9fd9f35b1120b8563749820738814c927",
        "tests.md": "859f9e592c188fda4fc7277dd180e4ce9c7a2e13f6efe1f6f29eccc9d28c106a"
      },
      "content_hash": "9b9de3e923e99ff1a1c7b62d76ab72fadf7e05d296432488062be58cd0fdd0c0",
      "source_files": {
        "agents/openai.yaml": "ea6f01cf1b8c06a4b0f5b649d74b1b8ce8685e72af1b38d70d877693e092af0b",
        "mocking.md": "3ceb807fdf4a47d6a93d4d9a891e5ba6d362a6247bd08adc451feebfc17361ef",
        "SKILL.md": "cb01f66bebfaa25fa1f88e6b7e769cd9fd9f35b1120b8563749820738814c927",
        "tests.md": "859f9e592c188fda4fc7277dd180e4ce9c7a2e13f6efe1f6f29eccc9d28c106a"
      },
      "source_hash": "9b9de3e923e99ff1a1c7b62d76ab72fadf7e05d296432488062be58cd0fdd0c0"
    },
    "to-tickets": {
      "classification": "unchanged",
      "origin": {
        "repository": "https://github.com/mattpocock/skills",
        "revision": "3cca18b368ae95cdbdebbff572ccafa662551015",
        "path": "skills/engineering/to-tickets"
      },
      "license": "MIT",
      "dependencies": [
        "setup-matt-pocock-skills"
      ],
      "files": {
        "agents/openai.yaml": "21bc6215fffcd7614e9f772bb1760e87cc5fc7dcc707e7d282bc9414267a6090",
        "SKILL.md": "5c9fba69845c2519b9b35b9af42ae5142c21f8ca15ac2123dc2722002c8058ae"
      },
      "content_hash": "e3e6cc97b1cb4904f8c6f10abbd84aa17565092122de6129fec576b8b7a63dae",
      "source_files": {
        "agents/openai.yaml": "21bc6215fffcd7614e9f772bb1760e87cc5fc7dcc707e7d282bc9414267a6090",
        "SKILL.md": "5c9fba69845c2519b9b35b9af42ae5142c21f8ca15ac2123dc2722002c8058ae"
      },
      "source_hash": "e3e6cc97b1cb4904f8c6f10abbd84aa17565092122de6129fec576b8b7a63dae"
    },
    "setup-paper2code": {
      "classification": "new",
      "origin": {
        "repository": "https://github.com/JimYang816/paper2code-skills",
        "path": "skills/setup-paper2code"
      },
      "license": "MIT",
      "dependencies": [
        "paper2code-core"
      ],
      "files": {
        "scripts/capabilities.py": "43dcef0e1bc75a3e703bc3394d9bce9183c2a38902f3bba9b771a7302a857ab9",
        "scripts/check_capabilities.py": "74cb7e6f266b26afe9d7c95733731f9a6c30e1982850b57c95b97b4cc3c53029",
        "scripts/setup.py": "d2876a26da9da2e8dee48875d14206c38ab1c2efa6c7f9bd4127bbe28b777ea2",
        "SKILL.md": "8e8b247f917166653d017c153c20a64b1dc38e511054b95eb490f7634047b114"
      },
      "content_hash": "1a1e60c641bb05843868c913973fd937e07ae2ce051879ffc21cb59b48061bb3"
    },
    "extract-paper2code": {
      "classification": "new",
      "origin": {
        "repository": "https://github.com/JimYang816/paper2code-skills",
        "path": "skills/extract-paper2code"
      },
      "license": "MIT",
      "dependencies": [
        "paper2code-core"
      ],
      "files": {
        "references/extraction.md": "603601dcb0229a7174077f7d2264bd09d21aac7df293e3bce3e69ddd29c8412a",
        "scripts/capabilities.py": "e882f263288456f71a20cbff7c43b88958f742dd19f4380e3a64bed5c7bd679a",
        "scripts/check_capabilities.py": "31d8c2ca8f6c56906418dfac8c4302859a20ee5be844857eb05c6892b3d0f28d",
        "scripts/extract.py": "2f6d4eddc985bf261c570c9aac72da8b2860ff062cbfe8a737b54a8cdf573946",
        "SKILL.md": "4bb7b0b27827a0969267b2d4b88be86989be4e81194f11ddfa328b6c12e4965f"
      },
      "content_hash": "28a09a6951a84e1ee87615e6e6276c2d6724352db4f8f5600d67deb70ffc731d"
    },
    "paper-grilling": {
      "classification": "new",
      "origin": {
        "repository": "https://github.com/JimYang816/paper2code-skills",
        "path": "skills/paper-grilling"
      },
      "license": "MIT",
      "dependencies": [
        "paper2code-core",
        "grilling"
      ],
      "files": {
        "references/grilling.md": "67af14e935c79c15ea2ecad9f4309573d83098a643518eb1f6a450bbb1ee3342",
        "scripts/gate.py": "1a82ac58b10ae8f15bfff3995ebce9c59326198dfaabfb8247bb764b80087a47",
        "SKILL.md": "a65f2be4fd9d9490adb4145170da26608c2e073780c208d09af355a882ba2c94"
      },
      "content_hash": "3657b8a04c477830ccd9fd2421eb66ff78bac3150dcb2c315659b66ae3ad7386"
    },
    "paper-wayfinding": {
      "classification": "new",
      "origin": {
        "repository": "https://github.com/JimYang816/paper2code-skills",
        "path": "skills/paper-wayfinding"
      },
      "license": "MIT",
      "dependencies": [
        "paper2code-core"
      ],
      "files": {
        "references/wayfinding.md": "7d81345befe0c25b0b4ec26c2fd321551c0d5829a52694c729739db23d9b36de",
        "SKILL.md": "8d1e1a21194a789c3e8ac388f4beae30cfcba6c4368a63cca0f7ef7906262aac"
      },
      "content_hash": "bd98463b2f162fdd904b27f7f66f996d9846a046a5949011405900e3843f6feb"
    }
  },
  "distribution_files": {
    "LICENSE": "8d541ba44f1fd5b046992be59d84859fc6d3815a101ec2212cb282e38d231113",
    "THIRD_PARTY_NOTICES.md": "de9895c7e869ed9ab5d6edb33b78696c3ea29d13ac58e774000549413ab903bf",
    "licenses/mattpocock-skills-LICENSE": "0e7ac423bf2c6e223b7c5b156f8cf72da49d748e56a1641402c31f22ad07dbb5",
    ".gitattributes": "c856d0e999b191a360f4356c74eb13847fe3dec84fa6578699faa974bf5a52ba"
  }
}
